
Microsoft Visual Studio Solution File, Format Version 12.00
# Visual Studio 15
VisualStudioVersion = 15.0.27004.2002
MinimumVisualStudioVersion = 10.0.40219.1
Project("{FAE04EC0-301F-11D3-BF4B-00C04F79EFBC}") = "Part01", "Part01\Part01.csproj", "{23973BA6-F4C8-48B0-9E51-995B931DDB6E}"
EndProject
Global
	GlobalSection(SolutionConfigurationPlatforms) = preSolution
		Debug|Any CPU = Debug|Any CPU
		Release|Any CPU = Release|Any CPU
	EndGlobalSection
	GlobalSection(ProjectConfigurationPlatforms) = postSolution
		{23973BA6-F4C8-48B0-9E51-995B931DDB6E}.Debug|Any CPU.ActiveCfg = Debug|Any CPU
		{23973BA6-F4C8-48B0-9E51-995B931DDB6E}.Debug|Any CPU.Build.0 = Debug|Any CPU
		{23973BA6-F4C8-48B0-9E51-995B931DDB6E}.Release|Any CPU.ActiveCfg = Release|Any CPU
		{23973BA6-F4C8-48B0-9E51-995B931DDB6E}.Release|Any CPU.Build.0 = Release|Any CPU
	EndGlobalSection
	GlobalSection(SolutionProperties) = preSolution
		HideSolutionNode = FALSE
	EndGlobalSection
	GlobalSection(ExtensibilityGlobals) = postSolution
		SolutionGuid = {D45AF904-0DFD-4E4A-A881-18810EA544D8}
	EndGlobalSection
EndGlobal
